Microsoft Visual Studio Solution File, Format Version 8.00
Project("{8BC9CEB8-8B4A-11D0-8D11-00A0C91BC942}") = "irctell", "irctell.vcproj", "{8F034E55-D388-416D-8575-5D765255CFF6}"
	ProjectSection(ProjectDependencies) = postProject
	EndProjectSection
EndProject
Global
	GlobalSection(SolutionConfiguration) = preSolution
		Debug = Debug
		Release = Release
	EndGlobalSection
	GlobalSection(ProjectConfiguration) = postSolution
		{8F034E55-D388-416D-8575-5D765255CFF6}.Debug.ActiveCfg = Debug|Win32
		{8F034E55-D388-416D-8575-5D765255CFF6}.Debug.Build.0 = Debug|Win32
		{8F034E55-D388-416D-8575-5D765255CFF6}.Release.ActiveCfg = Release|Win32
		{8F034E55-D388-416D-8575-5D765255CFF6}.Release.Build.0 = Release|Win32
	EndGlobalSection
	GlobalSection(ExtensibilityGlobals) = postSolution
	EndGlobalSection
	GlobalSection(ExtensibilityAddIns) = postSolution
	EndGlobalSection
EndGlobal
