Microsoft Visual Studio Solution File, Format Version 8.00
Project("{8BC9CEB8-8B4A-11D0-8D11-00A0C91BC942}") = "in_raw", "IN_RAW.vcproj", "{0A33FAB2-7175-443B-9927-19E7A487FE60}"
	ProjectSection(ProjectDependencies) = postProject
	EndProjectSection
EndProject
Global
	GlobalSection(SolutionConfiguration) = preSolution
		Debug = Debug
		Release = Release
	EndGlobalSection
	GlobalSection(ProjectDependencies) = postSolution
	EndGlobalSection
	GlobalSection(ProjectConfiguration) = postSolution
		{0A33FAB2-7175-443B-9927-19E7A487FE60}.Debug.ActiveCfg = Debug|Win32
		{0A33FAB2-7175-443B-9927-19E7A487FE60}.Debug.Build.0 = Debug|Win32
		{0A33FAB2-7175-443B-9927-19E7A487FE60}.Release.ActiveCfg = Release|Win32
		{0A33FAB2-7175-443B-9927-19E7A487FE60}.Release.Build.0 = Release|Win32
	EndGlobalSection
	GlobalSection(ExtensibilityGlobals) = postSolution
	EndGlobalSection
	GlobalSection(ExtensibilityAddIns) = postSolution
	EndGlobalSection
EndGlobal
